
Microsoft Visual Studio Solution File, Format Version 12.00
# Visual Studio Version 16
VisualStudioVersion = 16.0.30114.105
MinimumVisualStudioVersion = 10.0.40219.1
Project("{FAE04EC0-301F-11D3-BF4B-00C04F79EFBC}") = "API", "API\API.csproj", "{4ABA3E07-FAAD-4E4C-92FB-696CB1121136}"
EndProject
Project("{FAE04EC0-301F-11D3-BF4B-00C04F79EFBC}") = "Application", "Application\Application.csproj", "{AF71AC54-35D8-4A2E-927D-24AF63B67C88}"
EndProject
Project("{FAE04EC0-301F-11D3-BF4B-00C04F79EFBC}") = "Persistence", "Persistence\Persistence.csproj", "{AFFF5FC6-65DA-4027-AE29-FE93E8B387FF}"
EndProject
Project("{FAE04EC0-301F-11D3-BF4B-00C04F79EFBC}") = "Domain", "Domain\Domain.csproj", "{B1FF9292-AE18-45F2-9D67-A59AC70FFDEC}"
EndProject
Global
	GlobalSection(SolutionConfigurationPlatforms) = preSolution
		Debug|Any CPU = Debug|Any CPU
		Release|Any CPU = Release|Any CPU
	EndGlobalSection
	GlobalSection(SolutionProperties) = preSolution
		HideSolutionNode = FALSE
	EndGlobalSection
	GlobalSection(ProjectConfigurationPlatforms) = postSolution
		{4ABA3E07-FAAD-4E4C-92FB-696CB1121136}.Debug|Any CPU.ActiveCfg = Debug|Any CPU
		{4ABA3E07-FAAD-4E4C-92FB-696CB1121136}.Debug|Any CPU.Build.0 = Debug|Any CPU
		{4ABA3E07-FAAD-4E4C-92FB-696CB1121136}.Release|Any CPU.ActiveCfg = Release|Any CPU
		{4ABA3E07-FAAD-4E4C-92FB-696CB1121136}.Release|Any CPU.Build.0 = Release|Any CPU
		{AF71AC54-35D8-4A2E-927D-24AF63B67C88}.Debug|Any CPU.ActiveCfg = Debug|Any CPU
		{AF71AC54-35D8-4A2E-927D-24AF63B67C88}.Debug|Any CPU.Build.0 = Debug|Any CPU
		{AF71AC54-35D8-4A2E-927D-24AF63B67C88}.Release|Any CPU.ActiveCfg = Release|Any CPU
		{AF71AC54-35D8-4A2E-927D-24AF63B67C88}.Release|Any CPU.Build.0 = Release|Any CPU
		{AFFF5FC6-65DA-4027-AE29-FE93E8B387FF}.Debug|Any CPU.ActiveCfg = Debug|Any CPU
		{AFFF5FC6-65DA-4027-AE29-FE93E8B387FF}.Debug|Any CPU.Build.0 = Debug|Any CPU
		{AFFF5FC6-65DA-4027-AE29-FE93E8B387FF}.Release|Any CPU.ActiveCfg = Release|Any CPU
		{AFFF5FC6-65DA-4027-AE29-FE93E8B387FF}.Release|Any CPU.Build.0 = Release|Any CPU
		{B1FF9292-AE18-45F2-9D67-A59AC70FFDEC}.Debug|Any CPU.ActiveCfg = Debug|Any CPU
		{B1FF9292-AE18-45F2-9D67-A59AC70FFDEC}.Debug|Any CPU.Build.0 = Debug|Any CPU
		{B1FF9292-AE18-45F2-9D67-A59AC70FFDEC}.Release|Any CPU.ActiveCfg = Release|Any CPU
		{B1FF9292-AE18-45F2-9D67-A59AC70FFDEC}.Release|Any CPU.Build.0 = Release|Any CPU
	EndGlobalSection
EndGlobal
